Microsoft Visual Studio Solution File, Format Version 12.00
# Visual Studio Version 17
VisualStudioVersion = 17.5.2.0
MinimumVisualStudioVersion = 10.0.40219.1
Project("{FAE04EC0-301F-11D3-BF4B-00C04F79EFBC}") = "JiraProxyApi", "JiraProxyApi\JiraProxyApi.csproj", "{9DAB4EE2-D470-4AA2-A274-7666E3CB7347}"
EndProject
Global
	GlobalSection(SolutionConfigurationPlatforms) = preSolution
		Debug|Any CPU = Debug|Any CPU
		Release|Any CPU = Release|Any CPU
	EndGlobalSection
	GlobalSection(ProjectConfigurationPlatforms) = postSolution
		{CC3C3F62-DD44-8AAA-D9A5-136649C4F0EB}.Debug|Any CPU.ActiveCfg = Debug|Any CPU
		{CC3C3F62-DD44-8AAA-D9A5-136649C4F0EB}.Debug|Any CPU.Build.0 = Debug|Any CPU
		{CC3C3F62-DD44-8AAA-D9A5-136649C4F0EB}.Release|Any CPU.ActiveCfg = Release|Any CPU
		{CC3C3F62-DD44-8AAA-D9A5-136649C4F0EB}.Release|Any CPU.Build.0 = Release|Any CPU
		{9DAB4EE2-D470-4AA2-A274-7666E3CB7347}.Debug|Any CPU.ActiveCfg = Debug|Any CPU
		{9DAB4EE2-D470-4AA2-A274-7666E3CB7347}.Debug|Any CPU.Build.0 = Debug|Any CPU
		{9DAB4EE2-D470-4AA2-A274-7666E3CB7347}.Release|Any CPU.ActiveCfg = Release|Any CPU
		{9DAB4EE2-D470-4AA2-A274-7666E3CB7347}.Release|Any CPU.Build.0 = Release|Any CPU
	EndGlobalSection
	GlobalSection(SolutionProperties) = preSolution
		HideSolutionNode = FALSE
	EndGlobalSection
	GlobalSection(ExtensibilityGlobals) = postSolution
		SolutionGuid = {6EBFAB40-12FC-4123-BBDE-8A948BDC0860}
	EndGlobalSection
EndGlobal
