Microsoft Visual Studio Solution File, Format Version 12.00
# Visual Studio Version 17
VisualStudioVersion = 17.5.2.0
MinimumVisualStudioVersion = 10.0.40219.1
Project("{FAE04EC0-301F-11D3-BF4B-00C04F79EFBC}") = "JiraProxyApi", "JiraProxyApi.csproj", "{2BEE524B-C3DE-DC6B-5747-AEBF747A75E1}"
EndProject
Global
	GlobalSection(SolutionConfigurationPlatforms) = preSolution
		Debug|Any CPU = Debug|Any CPU
		Release|Any CPU = Release|Any CPU
	EndGlobalSection
	GlobalSection(ProjectConfigurationPlatforms) = postSolution
		{2BEE524B-C3DE-DC6B-5747-AEBF747A75E1}.Debug|Any CPU.ActiveCfg = Debug|Any CPU
		{2BEE524B-C3DE-DC6B-5747-AEBF747A75E1}.Debug|Any CPU.Build.0 = Debug|Any CPU
		{2BEE524B-C3DE-DC6B-5747-AEBF747A75E1}.Release|Any CPU.ActiveCfg = Release|Any CPU
		{2BEE524B-C3DE-DC6B-5747-AEBF747A75E1}.Release|Any CPU.Build.0 = Release|Any CPU
	EndGlobalSection
	GlobalSection(SolutionProperties) = preSolution
		HideSolutionNode = FALSE
	EndGlobalSection
	GlobalSection(ExtensibilityGlobals) = postSolution
		SolutionGuid = {73029A27-0FF5-4322-BB37-F9271DBCEF7A}
	EndGlobalSection
EndGlobal
